
Microsoft Visual Studio Solution File, Format Version 12.00
# Visual Studio Version 16
VisualStudioVersion = 16.0.31624.102
MinimumVisualStudioVersion = 10.0.40219.1
Project("{FAE04EC0-301F-11D3-BF4B-00C04F79EFBC}") = "SalesWebMVC", "SalesWebMVC\SalesWebMVC.csproj", "{883814E2-9342-4380-9EB5-3515AE6DAAE8}"
EndProject
Global
	GlobalSection(SolutionConfigurationPlatforms) = preSolution
		Debug|Any CPU = Debug|Any CPU
		Release|Any CPU = Release|Any CPU
	EndGlobalSection
	GlobalSection(ProjectConfigurationPlatforms) = postSolution
		{883814E2-9342-4380-9EB5-3515AE6DAAE8}.Debug|Any CPU.ActiveCfg = Debug|Any CPU
		{883814E2-9342-4380-9EB5-3515AE6DAAE8}.Debug|Any CPU.Build.0 = Debug|Any CPU
		{883814E2-9342-4380-9EB5-3515AE6DAAE8}.Release|Any CPU.ActiveCfg = Release|Any CPU
		{883814E2-9342-4380-9EB5-3515AE6DAAE8}.Release|Any CPU.Build.0 = Release|Any CPU
	EndGlobalSection
	GlobalSection(SolutionProperties) = preSolution
		HideSolutionNode = FALSE
	EndGlobalSection
	GlobalSection(ExtensibilityGlobals) = postSolution
		SolutionGuid = {8A0C39E8-E780-4D42-9C83-393E1179DBE3}
	EndGlobalSection
EndGlobal
